
Microsoft Visual Studio Solution File, Format Version 12.00
# Visual Studio Version 16
VisualStudioVersion = 16.0.30611.23
MinimumVisualStudioVersion = 10.0.40219.1
Project("{FAE04EC0-301F-11D3-BF4B-00C04F79EFBC}") = "Zahnrad 2", "Zahnrad 2\Zahnrad 2.csproj", "{DA90C055-0290-4E98-857C-FEC4A8B1F23F}"
EndProject
Global
	GlobalSection(SolutionConfigurationPlatforms) = preSolution
		Debug|Any CPU = Debug|Any CPU
		Release|Any CPU = Release|Any CPU
	EndGlobalSection
	GlobalSection(ProjectConfigurationPlatforms) = postSolution
		{DA90C055-0290-4E98-857C-FEC4A8B1F23F}.Debug|Any CPU.ActiveCfg = Debug|Any CPU
		{DA90C055-0290-4E98-857C-FEC4A8B1F23F}.Debug|Any CPU.Build.0 = Debug|Any CPU
		{DA90C055-0290-4E98-857C-FEC4A8B1F23F}.Release|Any CPU.ActiveCfg = Release|Any CPU
		{DA90C055-0290-4E98-857C-FEC4A8B1F23F}.Release|Any CPU.Build.0 = Release|Any CPU
	EndGlobalSection
	GlobalSection(SolutionProperties) = preSolution
		HideSolutionNode = FALSE
	EndGlobalSection
	GlobalSection(ExtensibilityGlobals) = postSolution
		SolutionGuid = {8F0D169E-2C48-452B-AD4A-9F3F2F3CCB82}
	EndGlobalSection
EndGlobal
